
Microsoft Visual Studio Solution File, Format Version 12.00
# Visual Studio 14
VisualStudioVersion = 14.0.25420.1
MinimumVisualStudioVersion = 10.0.40219.1
Project("{2150E333-8FDC-42A3-9474-1A3956D46DE8}") = "src", "src", "{9F3B3E14-FCA7-46B9-BCE6-3C1107A857B8}"
EndProject
Project("{2150E333-8FDC-42A3-9474-1A3956D46DE8}") = "Solution Items", "Solution Items", "{53B4A47B-8815-4464-867B-1526F02C44BF}"
	ProjectSection(SolutionItems) = preProject
		global.json = global.json
	EndProjectSection
EndProject
Project("{8BB2217D-0F2D-49D1-97BC-3654ED321F3B}") = "JscServer", "src\JscServer\JscServer.xproj", "{BFB1F0C0-6DAB-439B-89ED-EAFB8E62EB9E}"
EndProject
Global
	GlobalSection(SolutionConfigurationPlatforms) = preSolution
		Debug|Any CPU = Debug|Any CPU
		Release|Any CPU = Release|Any CPU
	EndGlobalSection
	GlobalSection(ProjectConfigurationPlatforms) = postSolution
		{BFB1F0C0-6DAB-439B-89ED-EAFB8E62EB9E}.Debug|Any CPU.ActiveCfg = Debug|Any CPU
		{BFB1F0C0-6DAB-439B-89ED-EAFB8E62EB9E}.Debug|Any CPU.Build.0 = Debug|Any CPU
		{BFB1F0C0-6DAB-439B-89ED-EAFB8E62EB9E}.Release|Any CPU.ActiveCfg = Release|Any CPU
		{BFB1F0C0-6DAB-439B-89ED-EAFB8E62EB9E}.Release|Any CPU.Build.0 = Release|Any CPU
	EndGlobalSection
	GlobalSection(SolutionProperties) = preSolution
		HideSolutionNode = FALSE
	EndGlobalSection
	GlobalSection(NestedProjects) = preSolution
		{BFB1F0C0-6DAB-439B-89ED-EAFB8E62EB9E} = {9F3B3E14-FCA7-46B9-BCE6-3C1107A857B8}
	EndGlobalSection
EndGlobal
